{
    "hash": "3b79d5432bfbb82d3e8ba098c3135872",
    "packages": [
        {
            "package": "amazonwebservices/aws-sdk-for-php",
            "version": "1.5.11"
        },
        {
            "package": "symfony/yaml",
            "version": "v2.0.16"
        },
        {
            "package": "ulrichsg/getopt-php",
            "version": "dev-master",
            "source-reference": "11c0d3bb2df4f79004b085f495fe7a149efda9d5",
            "commit-date": "1338474142"
        }
    ],
    "packages-dev": null,
    "aliases": [

    ],
    "minimum-stability": "stable",
    "stability-flags": {
        "ulrichsg/getopt-php": 20
    }
}
